# @generated by Move, please check-in and do not edit manually.

[move]
version = 2
manifest_digest = "2C504AC09C6778B0E6D02949AA83FB20289E2F0525EDCF01A43E4977FB04AA9F"
deps_digest = "F8BBB0CCB2491CA29A3DF03D6F92277A4F3574266507ACD77214D37ECA3F3082"
dependencies = [
  { name = "Sui" },
]

[[move.package]]
name = "MoveStdlib"
source = { git = "https://github.com/MystenLabs/sui.git", rev = "framework/testnet", subdir = "crates/sui-framework/packages/move-stdlib" }

[[move.package]]
name = "Sui"
source = { git = "https://github.com/MystenLabs/sui.git", rev = "framework/testnet", subdir = "crates/sui-framework/packages/sui-framework" }

dependencies = [
  { name = "MoveStdlib" },
]

[move.toolchain-version]
compiler-version = "1.33.0"
edition = "2024.beta"
flavor = "sui"

[env]

[env.devnet]
chain-id = "167bafe9"
original-published-id = "0x6bcf8a279b69d864376fa0f8dcd7b0e14fa7ed92379a903ecc824de9b43a4b20"
latest-published-id = "0x6bcf8a279b69d864376fa0f8dcd7b0e14fa7ed92379a903ecc824de9b43a4b20"
published-version = "1"

[env.testnet]
chain-id = "4c78adac"
original-published-id = "0xef9c0d22862750dc43664121605a6733ca46e6725468a3ae3c0c4b3ef1f44db9"
latest-published-id = "0xef9c0d22862750dc43664121605a6733ca46e6725468a3ae3c0c4b3ef1f44db9"
published-version = "1"
